
# cargo-vet imports lock

[[publisher.autocfg]]
version = "1.5.0"
when = "2025-06-17"
user-id = 539
user-login = "cuviper"
user-name = "Josh Stone"

[[publisher.errno]]
version = "0.3.14"
when = "2025-09-09"
user-id = 6825
user-login = "sunfishcode"
user-name = "Dan Gohman"

[[publisher.gdk4-wayland]]
version = "0.11.0"
when = "2026-02-20"
user-id = 3623
user-login = "sdroege"
user-name = "Sebastian Dröge"

[[publisher.gdk4-wayland-sys]]
version = "0.11.0"
when = "2026-02-20"
user-id = 3623
user-login = "sdroege"
user-name = "Sebastian Dröge"

[[publisher.gdk4-x11]]
version = "0.11.0"
when = "2026-02-20"
user-id = 3623
user-login = "sdroege"
user-name = "Sebastian Dröge"

[[publisher.gdk4-x11-sys]]
version = "0.11.0"
when = "2026-02-20"
user-id = 3623
user-login = "sdroege"
user-name = "Sebastian Dröge"

[[publisher.gio]]
version = "0.22.2"
when = "2026-02-28"
user-id = 3623
user-login = "sdroege"
user-name = "Sebastian Dröge"

[[publisher.glib]]
version = "0.22.2"
when = "2026-02-28"
user-id = 3623
user-login = "sdroege"
user-name = "Sebastian Dröge"

[[publisher.glib-macros]]
version = "0.22.2"
when = "2026-02-28"
user-id = 3623
user-login = "sdroege"
user-name = "Sebastian Dröge"

[[publisher.gtk4]]
version = "0.11.0"
when = "2026-02-20"
user-id = 3623
user-login = "sdroege"
user-name = "Sebastian Dröge"

[[publisher.libadwaita]]
version = "0.9.1"
when = "2026-02-21"
user-id = 111887
user-login = "A6GibKm"
user-name = "Maximiliano"

[[publisher.libadwaita-sys]]
version = "0.9.1"
when = "2026-02-21"
user-id = 111887
user-login = "A6GibKm"
user-name = "Maximiliano"

[[publisher.libc]]
version = "0.2.182"
when = "2026-02-13"
user-id = 55123
user-login = "rust-lang-owner"

[[publisher.memchr]]
version = "2.7.6"
when = "2025-09-25"
user-id = 189
user-login = "BurntSushi"
user-name = "Andrew Gallant"

[[publisher.pkg-config]]
version = "0.3.32"
when = "2025-03-03"
user-id = 3623
user-login = "sdroege"
user-name = "Sebastian Dröge"

[[publisher.serde]]
version = "1.0.228"
when = "2025-09-27"
user-id = 3618
user-login = "dtolnay"
user-name = "David Tolnay"

[[publisher.serde_derive]]
version = "1.0.228"
when = "2025-09-27"
user-id = 3618
user-login = "dtolnay"
user-name = "David Tolnay"

[[publisher.smallvec]]
version = "1.15.1"
when = "2025-06-06"
user-id = 2017
user-login = "mbrubeck"
user-name = "Matt Brubeck"

[[publisher.target-lexicon]]
version = "0.13.3"
when = "2025-09-09"
user-id = 6825
user-login = "sunfishcode"
user-name = "Dan Gohman"

[[publisher.toml]]
version = "0.9.12+spec-1.1.0"
when = "2026-02-10"
user-id = 6743
user-login = "epage"
user-name = "Ed Page"

[[publisher.windows-sys]]
version = "0.61.2"
when = "2025-10-06"
user-id = 64539
user-login = "kennykerr"
user-name = "Kenny Kerr"

[[publisher.wol]]
version = "0.5.0"
when = "2026-02-26"
user-id = 4372
user-login = "swsnr"
user-name = "Sebastian Wiesner"

[[audits.bytecode-alliance.audits.itoa]]
who = "Dan Gohman <dev@sunfishcode.online>"
criteria = "safe-to-deploy"
delta = "1.0.11 -> 1.0.14"

[[audits.bytecode-alliance.audits.log]]
who = "Alex Crichton <alex@alexcrichton.com>"
criteria = "safe-to-deploy"
delta = "0.4.22 -> 0.4.27"
notes = "Lots of minor updates to macros and such, nothing touching `unsafe`"

[[audits.bytecode-alliance.audits.memoffset]]
who = "Alex Crichton <alex@alexcrichton.com>"
criteria = "safe-to-deploy"
delta = "0.7.1 -> 0.8.0"
notes = "This was a small update to the crate which has to do with Rust language features and compiler versions, no substantial changes."

[[audits.bytecode-alliance.audits.memoffset]]
who = "Alex Crichton <alex@alexcrichton.com>"
criteria = "safe-to-deploy"
delta = "0.8.0 -> 0.9.0"
notes = "No major changes in the crate, mostly updates to use new nightly Rust features."

[[audits.bytecode-alliance.audits.semver]]
who = "Pat Hickey <phickey@fastly.com>"
criteria = "safe-to-deploy"
version = "1.0.17"
notes = "plenty of unsafe pointer and vec tricks, but in well-structured and commented code that appears to be correct"

[[audits.embark-studios.audits.async-channel]]
who = "Johan Andersson <opensource@embark-studios.com>"
criteria = "safe-to-deploy"
version = "1.8.0"
notes = "No unsafe usage or ambient capabilities"

[[audits.embark-studios.audits.version-compare]]
who = "Johan Andersson <opensource@embark-studios.com>"
criteria = "safe-to-deploy"
version = "0.1.1"
notes = "No unsafe usage or ambient capabilities"

[[audits.google.audits.crossbeam-utils]]
who = "George Burgess IV <gbiv@google.com>"
criteria = "safe-to-run"
version = "0.8.15"
aggregated-from = "https://chromium.googlesource.com/chromiumos/third_party/rust_crates/+/refs/heads/main/cargo-vet/audits.toml?format=TEXT"

[[audits.google.audits.equivalent]]
who = "George Burgess IV <gbiv@google.com>"
criteria = "safe-to-deploy"
version = "1.0.1"
aggregated-from = "https://chromium.googlesource.com/chromiumos/third_party/rust_crates/+/refs/heads/main/cargo-vet/audits.toml?format=TEXT"

[[audits.google.audits.heck]]
who = "Ying Hsu <yinghsu@chromium.org>"
criteria = "safe-to-run"
version = "0.5.0"
aggregated-from = "https://chromium.googlesource.com/chromiumos/third_party/rust_crates/+/refs/heads/main/cargo-vet/audits.toml?format=TEXT"

[[audits.google.audits.itoa]]
who = "Lukasz Anforowicz <lukasza@chromium.org>"
criteria = "safe-to-deploy"
version = "1.0.10"
notes = '''
I grepped for \"crypt\", \"cipher\", \"fs\", \"net\" - there were no hits.

There are a few places where `unsafe` is used.  Unsafe review notes can be found
in https://crrev.com/c/5350697.

Version 1.0.1 of this crate has been added to Chromium in
https://crrev.com/c/3321896.
'''
aggregated-from = "https://chromium.googlesource.com/chromium/src/+/main/third_party/rust/chromium_crates_io/supply-chain/audits.toml?format=TEXT"

[[audits.google.audits.itoa]]
who = "Lukasz Anforowicz <lukasza@chromium.org>"
criteria = "safe-to-deploy"
delta = "1.0.10 -> 1.0.11"
notes = """
Straightforward diff between 1.0.10 and 1.0.11 - only 3 commits:

* Bumping up the version
* A touch up of comments
* And my own PR to make `unsafe` blocks more granular:
  https://github.com/dtolnay/itoa/pull/42
"""
aggregated-from = "https://chromium.googlesource.com/chromium/src/+/main/third_party/rust/chromium_crates_io/supply-chain/audits.toml?format=TEXT"

[[audits.google.audits.itoa]]
who = "Daniel Cheng <dcheng@chromium.org>"
criteria = "safe-to-deploy"
delta = "1.0.14 -> 1.0.15"
notes = "Only minor rustdoc changes."
aggregated-from = "https://chromium.googlesource.com/chromium/src/+/main/third_party/rust/chromium_crates_io/supply-chain/audits.toml?format=TEXT"

[[audits.google.audits.log]]
who = "danakj <danakj@chromium.org>"
criteria = "safe-to-deploy"
version = "0.4.22"
notes = """
Unsafe review in https://docs.google.com/document/d/1IXQbD1GhTRqNHIGxq6yy7qHqxeO4CwN5noMFXnqyDIM/edit?usp=sharing

Unsafety is generally very well-documented, with one exception, which we
describe in the review doc.
"""
aggregated-from = "https://chromium.googlesource.com/chromium/src/+/main/third_party/rust/chromium_crates_io/supply-chain/audits.toml?format=TEXT"

[[audits.google.audits.memoffset]]
who = "George Burgess IV <gbiv@google.com>"
criteria = "safe-to-run"
version = "0.6.5"
aggregated-from = "https://chromium.googlesource.com/chromiumos/third_party/rust_crates/+/refs/heads/main/cargo-vet/audits.toml?format=TEXT"

[[audits.google.audits.memoffset]]
who = "Dennis Kempin <denniskempin@google.com>"
criteria = "safe-to-run"
delta = "0.6.5 -> 0.7.1"
aggregated-from = "https://chromium.googlesource.com/chromiumos/third_party/rust_crates/+/refs/heads/main/cargo-vet/audits.toml?format=TEXT"

[[audits.google.audits.rustc_version]]
who = "danakj@chromium.org"
criteria = "safe-to-run"
version = "0.4.0"
notes = """
Reviewed in https://crrev.com/c/5171063

Previously reviewed during security review and the audit is grandparented in.
"""
aggregated-from = "https://chromium.googlesource.com/chromium/src/+/main/third_party/rust/chromium_crates_io/supply-chain/audits.toml?format=TEXT"

[[audits.google.audits.rustc_version]]
who = "danakj <danakj@chromium.org>"
criteria = "safe-to-run"
delta = "0.4.0 -> 0.4.1"
notes = "No unsafe, net or fs."
aggregated-from = "https://chromium.googlesource.com/chromium/src/+/main/third_party/rust/chromium_crates_io/supply-chain/audits.toml?format=TEXT"

[[audits.google.audits.semver]]
who = "Daniel Cheng <dcheng@chromium.org>"
criteria = "safe-to-run"
delta = "1.0.25 -> 1.0.26"
notes = "Only minor documentation updates."
aggregated-from = "https://chromium.googlesource.com/chromium/src/+/main/third_party/rust/chromium_crates_io/supply-chain/audits.toml?format=TEXT"

[[audits.google.audits.serde_json]]
who = "danakj@chromium.org"
criteria = "safe-to-run"
version = "1.0.108"
notes = """
Reviewed in https://crrev.com/c/5171063

Previously reviewed during security review and the audit is grandparented in.
"""
aggregated-from = "https://chromium.googlesource.com/chromium/src/+/main/third_party/rust/chromium_crates_io/supply-chain/audits.toml?format=TEXT"

[[audits.google.audits.serde_json]]
who = "Lukasz Anforowicz <lukasza@chromium.org>"
criteria = "safe-to-run"
delta = "1.0.108 -> 1.0.111"
aggregated-from = "https://chromium.googlesource.com/chromium/src/+/main/third_party/rust/chromium_crates_io/supply-chain/audits.toml?format=TEXT"

[[audits.google.audits.serde_json]]
who = "Lukasz Anforowicz <lukasza@chromium.org>"
criteria = "safe-to-run"
delta = "1.0.111 -> 1.0.113"
aggregated-from = "https://chromium.googlesource.com/chromium/src/+/main/third_party/rust/chromium_crates_io/supply-chain/audits.toml?format=TEXT"

[[audits.google.audits.serde_json]]
who = "Lukasz Anforowicz <lukasza@chromium.org>"
criteria = "safe-to-run"
delta = "1.0.113 -> 1.0.114"
aggregated-from = "https://chromium.googlesource.com/chromium/src/+/main/third_party/rust/chromium_crates_io/supply-chain/audits.toml?format=TEXT"

[[audits.google.audits.serde_json]]
who = "Lukasz Anforowicz <lukasza@chromium.org>"
criteria = "safe-to-run"
delta = "1.0.114 -> 1.0.115"
aggregated-from = "https://chromium.googlesource.com/chromium/src/+/main/third_party/rust/chromium_crates_io/supply-chain/audits.toml?format=TEXT"

[[audits.google.audits.serde_json]]
who = "Dustin J. Mitchell <djmitche@chromium.org>"
criteria = "safe-to-run"
delta = "1.0.115 -> 1.0.116"
notes = "No changes that affect safety to run, and no crypto"
aggregated-from = "https://chromium.googlesource.com/chromium/src/+/main/third_party/rust/chromium_crates_io/supply-chain/audits.toml?format=TEXT"

[[audits.google.audits.serde_json]]
who = "danakj <danakj@chromium.org>"
criteria = "safe-to-run"
delta = "1.0.116 -> 1.0.117"
aggregated-from = "https://chromium.googlesource.com/chromium/src/+/main/third_party/rust/chromium_crates_io/supply-chain/audits.toml?format=TEXT"

[[audits.google.audits.serde_json]]
who = "Adrian Taylor <adetaylor@chromium.org>"
criteria = "safe-to-run"
delta = "1.0.117 -> 1.0.120"
aggregated-from = "https://chromium.googlesource.com/chromium/src/+/main/third_party/rust/chromium_crates_io/supply-chain/audits.toml?format=TEXT"

[[audits.google.audits.serde_json]]
who = "Lukasz Anforowicz <lukasza@chromium.org>"
criteria = "safe-to-run"
delta = "1.0.120 -> 1.0.122"
aggregated-from = "https://chromium.googlesource.com/chromium/src/+/main/third_party/rust/chromium_crates_io/supply-chain/audits.toml?format=TEXT"

[[audits.google.audits.serde_json]]
who = "Lukasz Anforowicz <lukasza@chromium.org>"
criteria = "safe-to-run"
delta = "1.0.122 -> 1.0.124"
aggregated-from = "https://chromium.googlesource.com/chromium/src/+/main/third_party/rust/chromium_crates_io/supply-chain/audits.toml?format=TEXT"

[[audits.google.audits.serde_json]]
who = "Lukasz Anforowicz <lukasza@chromium.org>"
criteria = "safe-to-run"
delta = "1.0.124 -> 1.0.127"
aggregated-from = "https://chromium.googlesource.com/chromium/src/+/main/third_party/rust/chromium_crates_io/supply-chain/audits.toml?format=TEXT"

[[audits.google.audits.serde_json]]
who = "danakj <danakj@chromium.org>"
criteria = "safe-to-run"
delta = "1.0.127 -> 1.0.128"
aggregated-from = "https://chromium.googlesource.com/chromium/src/+/main/third_party/rust/chromium_crates_io/supply-chain/audits.toml?format=TEXT"

[[audits.google.audits.serde_json]]
who = "Liza Burakova <liza@chromium.org>"
criteria = "safe-to-run"
delta = "1.0.128 -> 1.0.132"
notes = """
Methods moved into new deserializer trait in de.rs.
New methods for converting Number to i128 or u128 in number.rs
No new unsafe changes.
"""
aggregated-from = "https://chromium.googlesource.com/chromium/src/+/main/third_party/rust/chromium_crates_io/supply-chain/audits.toml?format=TEXT"

[[audits.google.audits.serde_json]]
who = "Adrian Taylor <adetaylor@chromium.org>"
criteria = "safe-to-run"
delta = "1.0.132 -> 1.0.133"
notes = "No changes affecting safety-to-run and still no crypto"
aggregated-from = "https://chromium.googlesource.com/chromium/src/+/main/third_party/rust/chromium_crates_io/supply-chain/audits.toml?format=TEXT"

[[audits.google.audits.serde_json]]
who = "Adrian Taylor <adetaylor@chromium.org>"
criteria = "safe-to-run"
delta = "1.0.133 -> 1.0.134"
aggregated-from = "https://chromium.googlesource.com/chromium/src/+/main/third_party/rust/chromium_crates_io/supply-chain/audits.toml?format=TEXT"

[[audits.google.audits.serde_json]]
who = "Lukasz Anforowicz <lukasza@chromium.org>"
criteria = "safe-to-run"
delta = "1.0.134 -> 1.0.137"
aggregated-from = "https://chromium.googlesource.com/chromium/src/+/main/third_party/rust/chromium_crates_io/supply-chain/audits.toml?format=TEXT"

[[audits.google.audits.serde_json]]
who = "Daniel Cheng <dcheng@chromium.org>"
criteria = "safe-to-run"
delta = "1.0.138 -> 1.0.140"
notes = "Only minor fixes for clippy and documentation updates."
aggregated-from = "https://chromium.googlesource.com/chromium/src/+/main/third_party/rust/chromium_crates_io/supply-chain/audits.toml?format=TEXT"

[[audits.google.audits.strum]]
who = "danakj@chromium.org"
criteria = "safe-to-deploy"
version = "0.25.0"
notes = """
Reviewed in https://crrev.com/c/5171063

Previously reviewed during security review and the audit is grandparented in.
"""
aggregated-from = "https://chromium.googlesource.com/chromium/src/+/main/third_party/rust/chromium_crates_io/supply-chain/audits.toml?format=TEXT"

[[audits.google.audits.strum_macros]]
who = "danakj@chromium.org"
criteria = "safe-to-deploy"
version = "0.25.3"
notes = """
Reviewed in https://crrev.com/c/5171063

Previously reviewed during security review and the audit is grandparented in.
"""
aggregated-from = "https://chromium.googlesource.com/chromium/src/+/main/third_party/rust/chromium_crates_io/supply-chain/audits.toml?format=TEXT"

[[audits.isrg.audits.serde_core]]
who = "J.C. Jones <jc@divviup.org>"
criteria = "safe-to-deploy"
version = "1.0.224"

[[audits.isrg.audits.serde_core]]
who = "J.C. Jones <jc@divviup.org>"
criteria = "safe-to-deploy"
delta = "1.0.224 -> 1.0.225"

[[audits.isrg.audits.serde_core]]
who = "Tim Geoghegan <timg@divviup.org>"
criteria = "safe-to-deploy"
delta = "1.0.225 -> 1.0.226"

[[audits.isrg.audits.serde_json]]
who = "J.C. Jones <jc@divviup.org>"
criteria = "safe-to-deploy"
delta = "1.0.142 -> 1.0.143"

[[audits.isrg.audits.serde_json]]
who = "J.C. Jones <jc@divviup.org>"
criteria = "safe-to-deploy"
delta = "1.0.143 -> 1.0.145"

[[audits.mozilla.audits.crossbeam-utils]]
who = "Jan-Erik Rediger <jrediger@mozilla.com>"
criteria = "safe-to-deploy"
delta = "0.8.14 -> 0.8.19"
aggregated-from = "https://raw.githubusercontent.com/mozilla/glean/main/supply-chain/audits.toml"

[[audits.mozilla.audits.crossbeam-utils]]
who = "Alex Franchuk <afranchuk@mozilla.com>"
criteria = "safe-to-deploy"
delta = "0.8.19 -> 0.8.20"
notes = "Minor changes."
aggregated-from = "https://hg.mozilla.org/mozilla-central/raw-file/tip/supply-chain/audits.toml"

[[audits.mozilla.audits.semver]]
who = "Jan-Erik Rediger <jrediger@mozilla.com>"
criteria = "safe-to-deploy"
delta = "1.0.17 -> 1.0.25"
aggregated-from = "https://raw.githubusercontent.com/mozilla/glean/main/supply-chain/audits.toml"

[[audits.mozilla.audits.serde_core]]
who = "Erich Gubler <erichdongubler@gmail.com>"
criteria = "safe-to-deploy"
delta = "1.0.226 -> 1.0.227"
aggregated-from = "https://hg.mozilla.org/mozilla-central/raw-file/tip/supply-chain/audits.toml"

[[audits.mozilla.audits.serde_spanned]]
who = "Ben Dean-Kawamura <bdk@mozilla.com>"
criteria = "safe-to-deploy"
version = "1.0.3"
notes = "Relatively simple Serde trait implementations.  No IO or unsafe code."
aggregated-from = "https://hg.mozilla.org/mozilla-central/raw-file/tip/supply-chain/audits.toml"

[[audits.mozilla.audits.serde_spanned]]
who = "Jan-Erik Rediger <jrediger@mozilla.com>"
criteria = "safe-to-deploy"
delta = "1.0.3 -> 1.0.4"
notes = "Unchanged"
aggregated-from = "https://raw.githubusercontent.com/mozilla/glean/main/supply-chain/audits.toml"

[[audits.mozilla.audits.strum]]
who = "Teodor Tanasoaia <ttanasoaia@mozilla.com>"
criteria = "safe-to-deploy"
delta = "0.25.0 -> 0.26.3"
aggregated-from = "https://hg.mozilla.org/mozilla-central/raw-file/tip/supply-chain/audits.toml"

[[audits.mozilla.audits.strum]]
who = "Erich Gubler <erichdongubler@gmail.com>"
criteria = "safe-to-deploy"
delta = "0.26.3 -> 0.27.1"
aggregated-from = "https://hg.mozilla.org/mozilla-central/raw-file/tip/supply-chain/audits.toml"

[[audits.mozilla.audits.strum_macros]]
who = "Teodor Tanasoaia <ttanasoaia@mozilla.com>"
criteria = "safe-to-deploy"
delta = "0.25.3 -> 0.26.4"
aggregated-from = "https://hg.mozilla.org/mozilla-central/raw-file/tip/supply-chain/audits.toml"

[[audits.mozilla.audits.strum_macros]]
who = "Erich Gubler <erichdongubler@gmail.com>"
criteria = "safe-to-deploy"
delta = "0.26.4 -> 0.27.1"
aggregated-from = "https://hg.mozilla.org/mozilla-central/raw-file/tip/supply-chain/audits.toml"

[[audits.mozilla.audits.toml_datetime]]
who = "Jan-Erik Rediger <jrediger@mozilla.com>"
criteria = "safe-to-deploy"
version = "0.7.5+spec-1.1.0"
notes = "Pure data type crate with some datetime parsing. No unsafe."
aggregated-from = "https://raw.githubusercontent.com/mozilla/glean/main/supply-chain/audits.toml"

[[audits.mozilla.audits.toml_writer]]
who = "Jan-Erik Rediger <jrediger@mozilla.com>"
criteria = "safe-to-deploy"
version = "1.0.6+spec-1.1.0"
aggregated-from = "https://raw.githubusercontent.com/mozilla/glean/main/supply-chain/audits.toml"

[[audits.mozilla.audits.windows-link]]
who = "Mark Hammond <mhammond@skippinet.com.au>"
criteria = "safe-to-deploy"
version = "0.1.1"
notes = "A microsoft crate allowing unsafe calls to windows apis."
aggregated-from = "https://hg.mozilla.org/mozilla-central/raw-file/tip/supply-chain/audits.toml"

[[audits.mozilla.audits.windows-link]]
who = "Erich Gubler <erichdongubler@gmail.com>"
criteria = "safe-to-deploy"
delta = "0.1.1 -> 0.2.0"
aggregated-from = "https://hg.mozilla.org/mozilla-central/raw-file/tip/supply-chain/audits.toml"

[[audits.swsnr.audits.async-channel]]
who = "Sebastian Wiesner <sebastian@swsnr.de>"
criteria = "safe-to-run"
delta = "2.3.1 -> 2.5.0"
aggregated-from = "https://codeberg.org/swsnr/picture-of-the-day/raw/branch/main/supply-chain/audits.toml"

[[audits.swsnr.audits.event-listener]]
who = "Sebastian Wiesner <sebastian@swsnr.de>"
criteria = "safe-to-run"
delta = "5.4.0 -> 5.4.1"
aggregated-from = "https://codeberg.org/swsnr/picture-of-the-day/raw/branch/main/supply-chain/audits.toml"

[[audits.swsnr.audits.formatx]]
who = "Sebastian Wiesner <sebastian@swsnr.de>"
criteria = "safe-to-run"
version = "0.2.4"
aggregated-from = "https://codeberg.org/swsnr/picture-of-the-day/raw/branch/main/supply-chain/audits.toml"

[[audits.swsnr.audits.log]]
who = "Sebastian Wiesner <sebastian@swsnr.de>"
criteria = "safe-to-deploy"
delta = "0.4.27 -> 0.4.28"
aggregated-from = "https://codeberg.org/swsnr/picture-of-the-day/raw/branch/main/supply-chain/audits.toml"

[[audits.swsnr.audits.memchr]]
who = "Sebastian Wiesner <sebastian@swsnr.de>"
criteria = "safe-to-run"
delta = "2.7.6 -> 2.8.0"
aggregated-from = "https://codeberg.org/swsnr/keep-me-awake/raw/branch/main/supply-chain/audits.toml"

[[audits.swsnr.audits.serde_core]]
who = "Sebastian Wiesner <sebastian@swsnr.de>"
criteria = "safe-to-deploy"
delta = "1.0.227 -> 1.0.228"
aggregated-from = "https://codeberg.org/swsnr/gnome-app-utils.rs/raw/branch/main/supply-chain/audits.toml"

[[audits.swsnr.audits.system-deps]]
who = "Sebastian Wiesner <sebastian@swsnr.de>"
criteria = "safe-to-deploy"
delta = "7.0.5 -> 7.0.6"
notes = "No real code changes"
aggregated-from = "https://codeberg.org/swsnr/picture-of-the-day/raw/branch/main/supply-chain/audits.toml"

[[audits.swsnr.audits.system-deps]]
who = "Sebastian Wiesner <sebastian@swsnr.de>"
criteria = "safe-to-deploy"
delta = "7.0.6 -> 7.0.7"
aggregated-from = "https://codeberg.org/swsnr/picture-of-the-day/raw/branch/main/supply-chain/audits.toml"

[[audits.swsnr.audits.version-compare]]
who = "Sebastian Wiesner <sebastian@swsnr.de>"
criteria = "safe-to-deploy"
delta = "0.2.0 -> 0.2.1"
aggregated-from = "https://codeberg.org/swsnr/picture-of-the-day/raw/branch/main/supply-chain/audits.toml"

[[audits.swsnr.audits.windows-link]]
who = "Sebastian Wiesner <sebastian@swsnr.de>"
criteria = "safe-to-deploy"
delta = "0.2.0 -> 0.2.1"
aggregated-from = "https://codeberg.org/swsnr/picture-of-the-day/raw/branch/main/supply-chain/audits.toml"
