
# cargo-vet imports lock

[[publisher.autocfg]]
version = "1.3.0"
when = "2024-05-03"
user-id = 539
user-login = "cuviper"
user-name = "Josh Stone"

[[publisher.cairo-rs]]
version = "0.20.1"
when = "2024-08-12"
user-id = 3623
user-login = "sdroege"
user-name = "Sebastian Dröge"

[[publisher.cairo-sys-rs]]
version = "0.20.0"
when = "2024-07-10"
user-id = 3623
user-login = "sdroege"
user-name = "Sebastian Dröge"

[[publisher.cfg-expr]]
version = "0.15.8"
when = "2024-04-10"
user-id = 52553
user-login = "embark-studios"

[[publisher.env_filter]]
version = "0.1.2"
when = "2024-07-25"
user-id = 6743
user-login = "epage"
user-name = "Ed Page"

[[publisher.env_logger]]
version = "0.11.5"
when = "2024-07-25"
user-id = 6743
user-login = "epage"
user-name = "Ed Page"

[[publisher.errno]]
version = "0.3.9"
when = "2024-05-08"
user-id = 6825
user-login = "sunfishcode"
user-name = "Dan Gohman"

[[publisher.gdk-pixbuf]]
version = "0.20.4"
when = "2024-09-26"
user-id = 3623
user-login = "sdroege"
user-name = "Sebastian Dröge"

[[publisher.gdk-pixbuf-sys]]
version = "0.20.4"
when = "2024-09-26"
user-id = 3623
user-login = "sdroege"
user-name = "Sebastian Dröge"

[[publisher.gdk4]]
version = "0.9.2"
when = "2024-09-26"
user-id = 3623
user-login = "sdroege"
user-name = "Sebastian Dröge"

[[publisher.gdk4-sys]]
version = "0.9.2"
when = "2024-09-26"
user-id = 3623
user-login = "sdroege"
user-name = "Sebastian Dröge"

[[publisher.gio]]
version = "0.20.5"
when = "2024-10-30"
user-id = 3623
user-login = "sdroege"
user-name = "Sebastian Dröge"

[[publisher.gio-sys]]
version = "0.20.5"
when = "2024-10-30"
user-id = 3623
user-login = "sdroege"
user-name = "Sebastian Dröge"

[[publisher.glib]]
version = "0.20.5"
when = "2024-10-30"
user-id = 3623
user-login = "sdroege"
user-name = "Sebastian Dröge"

[[publisher.glib-macros]]
version = "0.20.5"
when = "2024-10-30"
user-id = 3623
user-login = "sdroege"
user-name = "Sebastian Dröge"

[[publisher.glib-sys]]
version = "0.20.5"
when = "2024-10-30"
user-id = 3623
user-login = "sdroege"
user-name = "Sebastian Dröge"

[[publisher.gobject-sys]]
version = "0.20.4"
when = "2024-09-26"
user-id = 3623
user-login = "sdroege"
user-name = "Sebastian Dröge"

[[publisher.graphene-rs]]
version = "0.20.4"
when = "2024-09-26"
user-id = 3623
user-login = "sdroege"
user-name = "Sebastian Dröge"

[[publisher.graphene-sys]]
version = "0.20.4"
when = "2024-09-26"
user-id = 3623
user-login = "sdroege"
user-name = "Sebastian Dröge"

[[publisher.gsk4]]
version = "0.9.2"
when = "2024-09-26"
user-id = 3623
user-login = "sdroege"
user-name = "Sebastian Dröge"

[[publisher.gsk4-sys]]
version = "0.9.2"
when = "2024-09-26"
user-id = 3623
user-login = "sdroege"
user-name = "Sebastian Dröge"

[[publisher.gtk4]]
version = "0.9.2"
when = "2024-09-26"
user-id = 3623
user-login = "sdroege"
user-name = "Sebastian Dröge"

[[publisher.gtk4-macros]]
version = "0.9.1"
when = "2024-08-27"
user-id = 3623
user-login = "sdroege"
user-name = "Sebastian Dröge"

[[publisher.gtk4-sys]]
version = "0.9.2"
when = "2024-09-26"
user-id = 3623
user-login = "sdroege"
user-name = "Sebastian Dröge"

[[publisher.hashbrown]]
version = "0.14.5"
when = "2024-04-28"
user-id = 2915
user-login = "Amanieu"
user-name = "Amanieu d'Antras"

[[publisher.indexmap]]
version = "2.5.0"
when = "2024-08-30"
user-id = 539
user-login = "cuviper"
user-name = "Josh Stone"

[[publisher.libadwaita]]
version = "0.7.0"
when = "2024-07-10"
user-id = 54339
user-login = "bilelmoussaoui"
user-name = "Bilal Elmoussaoui"

[[publisher.libadwaita-sys]]
version = "0.7.0"
when = "2024-07-10"
user-id = 54339
user-login = "bilelmoussaoui"
user-name = "Bilal Elmoussaoui"

[[publisher.libc]]
version = "0.2.154"
when = "2024-04-29"
user-id = 51017
user-login = "JohnTitor"
user-name = "Yuki Okushi"

[[publisher.linux-raw-sys]]
version = "0.4.14"
when = "2024-05-17"
user-id = 6825
user-login = "sunfishcode"
user-name = "Dan Gohman"

[[publisher.memchr]]
version = "2.7.4"
when = "2024-06-14"
user-id = 189
user-login = "BurntSushi"
user-name = "Andrew Gallant"

[[publisher.pango]]
version = "0.20.4"
when = "2024-09-26"
user-id = 3623
user-login = "sdroege"
user-name = "Sebastian Dröge"

[[publisher.pango-sys]]
version = "0.20.4"
when = "2024-09-26"
user-id = 3623
user-login = "sdroege"
user-name = "Sebastian Dröge"

[[publisher.pkg-config]]
version = "0.3.30"
when = "2024-02-14"
user-id = 3623
user-login = "sdroege"
user-name = "Sebastian Dröge"

[[publisher.regex]]
version = "1.11.0"
when = "2024-09-29"
user-id = 189
user-login = "BurntSushi"
user-name = "Andrew Gallant"

[[publisher.regex-automata]]
version = "0.4.8"
when = "2024-09-29"
user-id = 189
user-login = "BurntSushi"
user-name = "Andrew Gallant"

[[publisher.regex-syntax]]
version = "0.8.5"
when = "2024-09-29"
user-id = 189
user-login = "BurntSushi"
user-name = "Andrew Gallant"

[[publisher.rustix]]
version = "0.38.37"
when = "2024-09-11"
user-id = 6825
user-login = "sunfishcode"
user-name = "Dan Gohman"

[[publisher.ryu]]
version = "1.0.18"
when = "2024-05-07"
user-id = 3618
user-login = "dtolnay"
user-name = "David Tolnay"

[[publisher.slab]]
version = "0.4.9"
when = "2023-08-22"
user-id = 6741
user-login = "Darksonn"
user-name = "Alice Ryhl"

[[publisher.smallvec]]
version = "1.13.2"
when = "2024-03-20"
user-id = 2017
user-login = "mbrubeck"
user-name = "Matt Brubeck"

[[publisher.target-lexicon]]
version = "0.12.16"
when = "2024-07-30"
user-id = 696
user-login = "fitzgen"
user-name = "Nick Fitzgerald"

[[publisher.windows-sys]]
version = "0.52.0"
when = "2023-11-15"
user-id = 64539
user-login = "kennykerr"
user-name = "Kenny Kerr"

[[publisher.windows-targets]]
version = "0.52.6"
when = "2024-07-03"
user-id = 64539
user-login = "kennykerr"
user-name = "Kenny Kerr"

[[publisher.windows_aarch64_gnullvm]]
version = "0.52.6"
when = "2024-07-03"
user-id = 64539
user-login = "kennykerr"
user-name = "Kenny Kerr"

[[publisher.windows_aarch64_msvc]]
version = "0.52.6"
when = "2024-07-03"
user-id = 64539
user-login = "kennykerr"
user-name = "Kenny Kerr"

[[publisher.windows_i686_gnu]]
version = "0.52.6"
when = "2024-07-03"
user-id = 64539
user-login = "kennykerr"
user-name = "Kenny Kerr"

[[publisher.windows_i686_gnullvm]]
version = "0.52.6"
when = "2024-07-03"
user-id = 64539
user-login = "kennykerr"
user-name = "Kenny Kerr"

[[publisher.windows_i686_msvc]]
version = "0.52.6"
when = "2024-07-03"
user-id = 64539
user-login = "kennykerr"
user-name = "Kenny Kerr"

[[publisher.windows_x86_64_gnu]]
version = "0.52.6"
when = "2024-07-03"
user-id = 64539
user-login = "kennykerr"
user-name = "Kenny Kerr"

[[publisher.windows_x86_64_gnullvm]]
version = "0.52.6"
when = "2024-07-03"
user-id = 64539
user-login = "kennykerr"
user-name = "Kenny Kerr"

[[publisher.windows_x86_64_msvc]]
version = "0.52.6"
when = "2024-07-03"
user-id = 64539
user-login = "kennykerr"
user-name = "Kenny Kerr"

[[audits.bytecode-alliance.audits.memoffset]]
who = "Alex Crichton <alex@alexcrichton.com>"
criteria = "safe-to-deploy"
delta = "0.7.1 -> 0.8.0"
notes = "This was a small update to the crate which has to do with Rust language features and compiler versions, no substantial changes."

[[audits.bytecode-alliance.audits.memoffset]]
who = "Alex Crichton <alex@alexcrichton.com>"
criteria = "safe-to-deploy"
delta = "0.8.0 -> 0.9.0"
notes = "No major changes in the crate, mostly updates to use new nightly Rust features."

[[audits.bytecode-alliance.audits.socket2]]
who = "Alex Crichton <alex@alexcrichton.com>"
criteria = "safe-to-deploy"
delta = "0.4.9 -> 0.4.4"

[[audits.embark-studios.wildcard-audits.cfg-expr]]
who = "Jake Shadle <opensource@embark-studios.com>"
criteria = "safe-to-deploy"
user-id = 52553 # embark-studios
start = "2020-01-01"
end = "2024-05-23"
notes = "Maintained by Embark. No unsafe usage or ambient capabilities"

[audits.embark-studios.audits]

[[audits.google.audits.aho-corasick]]
who = "Ying Hsu <yinghsu@chromium.org>"
criteria = "safe-to-run"
version = "1.1.3"
aggregated-from = "https://chromium.googlesource.com/chromiumos/third_party/rust_crates/+/refs/heads/main/cargo-vet/audits.toml?format=TEXT"

[[audits.google.audits.bitflags]]
who = "Lukasz Anforowicz <lukasza@chromium.org>"
criteria = "safe-to-deploy"
version = "2.4.2"
notes = """
Audit notes:

* I've checked for any discussion in Google-internal cl/546819168 (where audit
  of version 2.3.3 happened)
* `src/lib.rs` contains `#![cfg_attr(not(test), forbid(unsafe_code))]`
* There are 2 cases of `unsafe` in `src/external.rs` but they seem to be
  correct in a straightforward way - they just propagate the marker trait's
  impl (e.g. `impl bytemuck::Pod`) from the inner to the outer type
* Additional discussion and/or notes may be found in https://crrev.com/c/5238056
"""
aggregated-from = "https://chromium.googlesource.com/chromium/src/+/main/third_party/rust/chromium_crates_io/supply-chain/audits.toml?format=TEXT"

[[audits.google.audits.bitflags]]
who = "Adrian Taylor <adetaylor@chromium.org>"
criteria = "safe-to-deploy"
delta = "2.4.2 -> 2.5.0"
aggregated-from = "https://chromium.googlesource.com/chromium/src/+/main/third_party/rust/chromium_crates_io/supply-chain/audits.toml?format=TEXT"

[[audits.google.audits.bitflags]]
who = "Adrian Taylor <adetaylor@chromium.org>"
criteria = "safe-to-deploy"
delta = "2.5.0 -> 2.6.0"
notes = "The changes from the previous version are negligible and thus it retains the same properties."
aggregated-from = "https://chromium.googlesource.com/chromium/src/+/main/third_party/rust/chromium_crates_io/supply-chain/audits.toml?format=TEXT"

[[audits.google.audits.crossbeam-utils]]
who = "George Burgess IV <gbiv@google.com>"
criteria = "safe-to-run"
version = "0.8.15"
aggregated-from = "https://chromium.googlesource.com/chromiumos/third_party/rust_crates/+/refs/heads/main/cargo-vet/audits.toml?format=TEXT"

[[audits.google.audits.equivalent]]
who = "George Burgess IV <gbiv@google.com>"
criteria = "safe-to-deploy"
version = "1.0.1"
aggregated-from = "https://chromium.googlesource.com/chromiumos/third_party/rust_crates/+/refs/heads/main/cargo-vet/audits.toml?format=TEXT"

[[audits.google.audits.futures-channel]]
who = "George Burgess IV <gbiv@google.com>"
criteria = "safe-to-run"
version = "0.3.28"
aggregated-from = "https://chromium.googlesource.com/chromiumos/third_party/rust_crates/+/refs/heads/main/cargo-vet/audits.toml?format=TEXT"

[[audits.google.audits.futures-core]]
who = "George Burgess IV <gbiv@google.com>"
criteria = "safe-to-run"
version = "0.3.28"
aggregated-from = "https://chromium.googlesource.com/chromiumos/third_party/rust_crates/+/refs/heads/main/cargo-vet/audits.toml?format=TEXT"

[[audits.google.audits.futures-core]]
who = "George Burgess IV <gbiv@google.com>"
criteria = "safe-to-run"
delta = "0.3.28 -> 0.3.31"
aggregated-from = "https://chromium.googlesource.com/chromiumos/third_party/rust_crates/+/refs/heads/main/cargo-vet/audits.toml?format=TEXT"

[[audits.google.audits.futures-executor]]
who = "George Burgess IV <gbiv@google.com>"
criteria = "safe-to-run"
version = "0.3.28"
aggregated-from = "https://chromium.googlesource.com/chromiumos/third_party/rust_crates/+/refs/heads/main/cargo-vet/audits.toml?format=TEXT"

[[audits.google.audits.futures-io]]
who = "George Burgess IV <gbiv@google.com>"
criteria = "safe-to-run"
version = "0.3.28"
aggregated-from = "https://chromium.googlesource.com/chromiumos/third_party/rust_crates/+/refs/heads/main/cargo-vet/audits.toml?format=TEXT"

[[audits.google.audits.futures-macro]]
who = "George Burgess IV <gbiv@google.com>"
criteria = "safe-to-run"
version = "0.3.28"
aggregated-from = "https://chromium.googlesource.com/chromiumos/third_party/rust_crates/+/refs/heads/main/cargo-vet/audits.toml?format=TEXT"

[[audits.google.audits.futures-macro]]
who = "George Burgess IV <gbiv@google.com>"
criteria = "safe-to-run"
delta = "0.3.28 -> 0.3.31"
aggregated-from = "https://chromium.googlesource.com/chromiumos/third_party/rust_crates/+/refs/heads/main/cargo-vet/audits.toml?format=TEXT"

[[audits.google.audits.futures-task]]
who = "George Burgess IV <gbiv@google.com>"
criteria = "safe-to-run"
version = "0.3.28"
aggregated-from = "https://chromium.googlesource.com/chromiumos/third_party/rust_crates/+/refs/heads/main/cargo-vet/audits.toml?format=TEXT"

[[audits.google.audits.futures-task]]
who = "George Burgess IV <gbiv@google.com>"
criteria = "safe-to-run"
delta = "0.3.28 -> 0.3.31"
aggregated-from = "https://chromium.googlesource.com/chromiumos/third_party/rust_crates/+/refs/heads/main/cargo-vet/audits.toml?format=TEXT"

[[audits.google.audits.futures-util]]
who = "George Burgess IV <gbiv@google.com>"
criteria = "safe-to-run"
version = "0.3.28"
notes = """
There's a custom xorshift-based `random::shuffle` implementation in
src/async_await/random.rs. This is `doc(hidden)` and seems to exist just so
that `futures-macro::select` can be unbiased. Sicne xorshift is explicitly not
intended to be a cryptographically secure algorithm, it is not considered
crypto.
"""
aggregated-from = "https://chromium.googlesource.com/chromiumos/third_party/rust_crates/+/refs/heads/main/cargo-vet/audits.toml?format=TEXT"

[[audits.google.audits.futures-util]]
who = "George Burgess IV <gbiv@google.com>"
criteria = "safe-to-run"
delta = "0.3.28 -> 0.3.31"
aggregated-from = "https://chromium.googlesource.com/chromiumos/third_party/rust_crates/+/refs/heads/main/cargo-vet/audits.toml?format=TEXT"

[[audits.google.audits.glob]]
who = "George Burgess IV <gbiv@google.com>"
criteria = "safe-to-deploy"
version = "0.3.1"
aggregated-from = "https://chromium.googlesource.com/chromiumos/third_party/rust_crates/+/refs/heads/main/cargo-vet/audits.toml?format=TEXT"

[[audits.google.audits.heck]]
who = "Ying Hsu <yinghsu@chromium.org>"
criteria = "safe-to-run"
version = "0.5.0"
aggregated-from = "https://chromium.googlesource.com/chromiumos/third_party/rust_crates/+/refs/heads/main/cargo-vet/audits.toml?format=TEXT"

[[audits.google.audits.itoa]]
who = "Lukasz Anforowicz <lukasza@chromium.org>"
criteria = "safe-to-deploy"
version = "1.0.10"
notes = '''
I grepped for \"crypt\", \"cipher\", \"fs\", \"net\" - there were no hits.

There are a few places where `unsafe` is used.  Unsafe review notes can be found
in https://crrev.com/c/5350697.

Version 1.0.1 of this crate has been added to Chromium in
https://crrev.com/c/3321896.
'''
aggregated-from = "https://chromium.googlesource.com/chromium/src/+/main/third_party/rust/chromium_crates_io/supply-chain/audits.toml?format=TEXT"

[[audits.google.audits.itoa]]
who = "Lukasz Anforowicz <lukasza@chromium.org>"
criteria = "safe-to-deploy"
delta = "1.0.10 -> 1.0.11"
notes = """
Straightforward diff between 1.0.10 and 1.0.11 - only 3 commits:

* Bumping up the version
* A touch up of comments
* And my own PR to make `unsafe` blocks more granular:
  https://github.com/dtolnay/itoa/pull/42
"""
aggregated-from = "https://chromium.googlesource.com/chromium/src/+/main/third_party/rust/chromium_crates_io/supply-chain/audits.toml?format=TEXT"

[[audits.google.audits.log]]
who = "danakj <danakj@chromium.org>"
criteria = "safe-to-deploy"
version = "0.4.22"
notes = """
Unsafe review in https://docs.google.com/document/d/1IXQbD1GhTRqNHIGxq6yy7qHqxeO4CwN5noMFXnqyDIM/edit?usp=sharing

Unsafety is generally very well-documented, with one exception, which we
describe in the review doc.
"""
aggregated-from = "https://chromium.googlesource.com/chromium/src/+/main/third_party/rust/chromium_crates_io/supply-chain/audits.toml?format=TEXT"

[[audits.google.audits.memoffset]]
who = "George Burgess IV <gbiv@google.com>"
criteria = "safe-to-run"
version = "0.6.5"
aggregated-from = "https://chromium.googlesource.com/chromiumos/third_party/rust_crates/+/refs/heads/main/cargo-vet/audits.toml?format=TEXT"

[[audits.google.audits.memoffset]]
who = "Dennis Kempin <denniskempin@google.com>"
criteria = "safe-to-run"
delta = "0.6.5 -> 0.7.1"
aggregated-from = "https://chromium.googlesource.com/chromiumos/third_party/rust_crates/+/refs/heads/main/cargo-vet/audits.toml?format=TEXT"

[[audits.google.audits.pin-project-lite]]
who = "David Koloski <dkoloski@google.com>"
criteria = "safe-to-deploy"
version = "0.2.9"
notes = "Reviewed on https://fxrev.dev/824504"
aggregated-from = "https://fuchsia.googlesource.com/fuchsia/+/refs/heads/main/third_party/rust_crates/supply-chain/audits.toml?format=TEXT"

[[audits.google.audits.pin-project-lite]]
who = "David Koloski <dkoloski@google.com>"
criteria = "safe-to-deploy"
delta = "0.2.9 -> 0.2.13"
notes = "Audited at https://fxrev.dev/946396"
aggregated-from = "https://fuchsia.googlesource.com/fuchsia/+/refs/heads/main/third_party/rust_crates/supply-chain/audits.toml?format=TEXT"

[[audits.google.audits.pin-utils]]
who = "Android Legacy"
criteria = "safe-to-run"
version = "0.1.0"
aggregated-from = "https://chromium.googlesource.com/chromiumos/third_party/rust_crates/+/refs/heads/main/cargo-vet/audits.toml?format=TEXT"

[[audits.google.audits.proc-macro2]]
who = "Lukasz Anforowicz <lukasza@chromium.org>"
criteria = "safe-to-deploy"
version = "1.0.78"
notes = """
Grepped for \"crypt\", \"cipher\", \"fs\", \"net\" - there were no hits
(except for a benign \"fs\" hit in a doc comment)

Notes from the `unsafe` review can be found in https://crrev.com/c/5385745.
"""
aggregated-from = "https://chromium.googlesource.com/chromium/src/+/main/third_party/rust/chromium_crates_io/supply-chain/audits.toml?format=TEXT"

[[audits.google.audits.proc-macro2]]
who = "Adrian Taylor <adetaylor@chromium.org>"
criteria = "safe-to-deploy"
delta = "1.0.78 -> 1.0.79"
aggregated-from = "https://chromium.googlesource.com/chromium/src/+/main/third_party/rust/chromium_crates_io/supply-chain/audits.toml?format=TEXT"

[[audits.google.audits.proc-macro2]]
who = "Adrian Taylor <adetaylor@chromium.org>"
criteria = "safe-to-deploy"
delta = "1.0.79 -> 1.0.80"
aggregated-from = "https://chromium.googlesource.com/chromium/src/+/main/third_party/rust/chromium_crates_io/supply-chain/audits.toml?format=TEXT"

[[audits.google.audits.proc-macro2]]
who = "Dustin J. Mitchell <djmitche@chromium.org>"
criteria = "safe-to-deploy"
delta = "1.0.80 -> 1.0.81"
notes = "Comment changes only"
aggregated-from = "https://chromium.googlesource.com/chromium/src/+/main/third_party/rust/chromium_crates_io/supply-chain/audits.toml?format=TEXT"

[[audits.google.audits.proc-macro2]]
who = "danakj <danakj@chromium.org>"
criteria = "safe-to-deploy"
delta = "1.0.81 -> 1.0.82"
aggregated-from = "https://chromium.googlesource.com/chromium/src/+/main/third_party/rust/chromium_crates_io/supply-chain/audits.toml?format=TEXT"

[[audits.google.audits.proc-macro2]]
who = "Dustin J. Mitchell <djmitche@chromium.org>"
criteria = "safe-to-deploy"
delta = "1.0.82 -> 1.0.83"
notes = "Substantive change is replacing String with Box<str>, saving memory."
aggregated-from = "https://chromium.googlesource.com/chromium/src/+/main/third_party/rust/chromium_crates_io/supply-chain/audits.toml?format=TEXT"

[[audits.google.audits.proc-macro2]]
who = "Lukasz Anforowicz <lukasza@chromium.org>"
criteria = "safe-to-deploy"
delta = "1.0.83 -> 1.0.84"
notes = "Only doc comment changes in `src/lib.rs`."
aggregated-from = "https://chromium.googlesource.com/chromium/src/+/main/third_party/rust/chromium_crates_io/supply-chain/audits.toml?format=TEXT"

[[audits.google.audits.proc-macro2]]
who = "danakj@chromium.org"
criteria = "safe-to-deploy"
delta = "1.0.84 -> 1.0.85"
notes = "Test-only changes."
aggregated-from = "https://chromium.googlesource.com/chromium/src/+/main/third_party/rust/chromium_crates_io/supply-chain/audits.toml?format=TEXT"

[[audits.google.audits.proc-macro2]]
who = "Lukasz Anforowicz <lukasza@chromium.org>"
criteria = "safe-to-deploy"
delta = "1.0.85 -> 1.0.86"
notes = """
Comment-only changes in `build.rs`.
Reordering of `Cargo.toml` entries.
Just bumping up the version number in `lib.rs`.
Config-related changes in `test_size.rs`.
"""
aggregated-from = "https://chromium.googlesource.com/chromium/src/+/main/third_party/rust/chromium_crates_io/supply-chain/audits.toml?format=TEXT"

[[audits.google.audits.quote]]
who = "Lukasz Anforowicz <lukasza@chromium.org>"
criteria = "safe-to-deploy"
version = "1.0.35"
notes = """
Grepped for \"unsafe\", \"crypt\", \"cipher\", \"fs\", \"net\" - there were no hits
(except for benign \"net\" hit in tests and \"fs\" hit in README.md)
"""
aggregated-from = "https://chromium.googlesource.com/chromium/src/+/main/third_party/rust/chromium_crates_io/supply-chain/audits.toml?format=TEXT"

[[audits.google.audits.quote]]
who = "Adrian Taylor <adetaylor@chromium.org>"
criteria = "safe-to-deploy"
delta = "1.0.35 -> 1.0.36"
aggregated-from = "https://chromium.googlesource.com/chromium/src/+/main/third_party/rust/chromium_crates_io/supply-chain/audits.toml?format=TEXT"

[[audits.google.audits.quote]]
who = "Lukasz Anforowicz <lukasza@chromium.org>"
criteria = "safe-to-deploy"
delta = "1.0.36 -> 1.0.37"
notes = """
The delta just 1) inlines/expands `impl ToTokens` that used to be handled via
`primitive!` macro and 2) adds `impl ToTokens` for `CStr` and `CString`.
"""
aggregated-from = "https://chromium.googlesource.com/chromium/src/+/main/third_party/rust/chromium_crates_io/supply-chain/audits.toml?format=TEXT"

[[audits.google.audits.rustc_version]]
who = "danakj@chromium.org"
criteria = "safe-to-run"
version = "0.4.0"
notes = """
Reviewed in https://crrev.com/c/5171063

Previously reviewed during security review and the audit is grandparented in.
"""
aggregated-from = "https://chromium.googlesource.com/chromium/src/+/main/third_party/rust/chromium_crates_io/supply-chain/audits.toml?format=TEXT"

[[audits.google.audits.rustc_version]]
who = "danakj <danakj@chromium.org>"
criteria = "safe-to-run"
delta = "0.4.0 -> 0.4.1"
notes = "No unsafe, net or fs."
aggregated-from = "https://chromium.googlesource.com/chromium/src/+/main/third_party/rust/chromium_crates_io/supply-chain/audits.toml?format=TEXT"

[[audits.google.audits.semver]]
who = "danakj@chromium.org"
criteria = "safe-to-run"
version = "1.0.20"
notes = """
Reviewed in https://crrev.com/c/5171063

Previously reviewed during security review and the audit is grandparented in.
"""
aggregated-from = "https://chromium.googlesource.com/chromium/src/+/main/third_party/rust/chromium_crates_io/supply-chain/audits.toml?format=TEXT"

[[audits.google.audits.semver]]
who = "Lukasz Anforowicz <lukasza@chromium.org>"
criteria = "safe-to-run"
delta = "1.0.20 -> 1.0.21"
aggregated-from = "https://chromium.googlesource.com/chromium/src/+/main/third_party/rust/chromium_crates_io/supply-chain/audits.toml?format=TEXT"

[[audits.google.audits.semver]]
who = "Lukasz Anforowicz <lukasza@chromium.org>"
criteria = "safe-to-run"
delta = "1.0.21 -> 1.0.22"
aggregated-from = "https://chromium.googlesource.com/chromium/src/+/main/third_party/rust/chromium_crates_io/supply-chain/audits.toml?format=TEXT"

[[audits.google.audits.semver]]
who = "danakj <danakj@chromium.org>"
criteria = "safe-to-run"
delta = "1.0.22 -> 1.0.23"
aggregated-from = "https://chromium.googlesource.com/chromium/src/+/main/third_party/rust/chromium_crates_io/supply-chain/audits.toml?format=TEXT"

[[audits.google.audits.serde]]
who = "Lukasz Anforowicz <lukasza@chromium.org>"
criteria = "safe-to-deploy"
version = "1.0.197"
notes = """
Grepped for `-i cipher`, `-i crypto`, `'\bfs\b'`, `'\bnet\b'`, `'\bunsafe\b'`.

There were some hits for `net`, but they were related to serialization and
not actually opening any connections or anything like that.

There were 2 hits of `unsafe` when grepping:
* In `fn as_str` in `impl Buf`
* In `fn serialize` in `impl Serialize for net::Ipv4Addr`

Unsafe review comments can be found in https://crrev.com/c/5350573/2 (this
review also covered `serde_json_lenient`).

Version 1.0.130 of the crate has been added to Chromium in
https://crrev.com/c/3265545.  The CL description contains a link to a
(Google-internal, sorry) document with a mini security review.
"""
aggregated-from = "https://chromium.googlesource.com/chromium/src/+/main/third_party/rust/chromium_crates_io/supply-chain/audits.toml?format=TEXT"

[[audits.google.audits.serde]]
who = "Dustin J. Mitchell <djmitche@chromium.org>"
criteria = "safe-to-deploy"
delta = "1.0.197 -> 1.0.198"
aggregated-from = "https://chromium.googlesource.com/chromium/src/+/main/third_party/rust/chromium_crates_io/supply-chain/audits.toml?format=TEXT"

[[audits.google.audits.serde]]
who = "danakj <danakj@chromium.org>"
criteria = "safe-to-deploy"
delta = "1.0.198 -> 1.0.201"
aggregated-from = "https://chromium.googlesource.com/chromium/src/+/main/third_party/rust/chromium_crates_io/supply-chain/audits.toml?format=TEXT"

[[audits.google.audits.serde]]
who = "Dustin J. Mitchell <djmitche@chromium.org>"
criteria = "safe-to-deploy"
delta = "1.0.201 -> 1.0.202"
notes = "Trivial changes"
aggregated-from = "https://chromium.googlesource.com/chromium/src/+/main/third_party/rust/chromium_crates_io/supply-chain/audits.toml?format=TEXT"

[[audits.google.audits.serde]]
who = "Lukasz Anforowicz <lukasza@chromium.org>"
criteria = "safe-to-deploy"
delta = "1.0.202 -> 1.0.203"
notes = "s/doc_cfg/docsrs/ + tuple_impls/tuple_impl_body-related changes"
aggregated-from = "https://chromium.googlesource.com/chromium/src/+/main/third_party/rust/chromium_crates_io/supply-chain/audits.toml?format=TEXT"

[[audits.google.audits.serde]]
who = "Adrian Taylor <adetaylor@chromium.org>"
criteria = "safe-to-deploy"
delta = "1.0.203 -> 1.0.204"
aggregated-from = "https://chromium.googlesource.com/chromium/src/+/main/third_party/rust/chromium_crates_io/supply-chain/audits.toml?format=TEXT"

[[audits.google.audits.serde]]
who = "Lukasz Anforowicz <lukasza@chromium.org>"
criteria = "safe-to-deploy"
delta = "1.0.204 -> 1.0.207"
notes = "The small change in `src/private/ser.rs` should have no impact on `ub-risk-2`."
aggregated-from = "https://chromium.googlesource.com/chromium/src/+/main/third_party/rust/chromium_crates_io/supply-chain/audits.toml?format=TEXT"

[[audits.google.audits.serde]]
who = "Lukasz Anforowicz <lukasza@chromium.org>"
criteria = "safe-to-deploy"
delta = "1.0.207 -> 1.0.209"
notes = """
The delta carries fairly small changes in `src/private/de.rs` and
`src/private/ser.rs` (see https://crrev.com/c/5812194/2..5).  AFAICT the
delta has no impact on the `unsafe`, `from_utf8_unchecked`-related parts
of the crate (in `src/de/format.rs` and `src/ser/impls.rs`).
"""
aggregated-from = "https://chromium.googlesource.com/chromium/src/+/main/third_party/rust/chromium_crates_io/supply-chain/audits.toml?format=TEXT"

[[audits.google.audits.serde]]
who = "Adrian Taylor <adetaylor@chromium.org>"
criteria = "safe-to-deploy"
delta = "1.0.209 -> 1.0.210"
notes = "Almost no new code - just feature rearrangement"
aggregated-from = "https://chromium.googlesource.com/chromium/src/+/main/third_party/rust/chromium_crates_io/supply-chain/audits.toml?format=TEXT"

[[audits.google.audits.serde_derive]]
who = "Lukasz Anforowicz <lukasza@chromium.org>"
criteria = "safe-to-deploy"
version = "1.0.197"
notes = "Grepped for \"unsafe\", \"crypt\", \"cipher\", \"fs\", \"net\" - there were no hits"
aggregated-from = "https://chromium.googlesource.com/chromium/src/+/main/third_party/rust/chromium_crates_io/supply-chain/audits.toml?format=TEXT"

[[audits.google.audits.serde_derive]]
who = "danakj <danakj@chromium.org>"
criteria = "safe-to-deploy"
delta = "1.0.197 -> 1.0.201"
aggregated-from = "https://chromium.googlesource.com/chromium/src/+/main/third_party/rust/chromium_crates_io/supply-chain/audits.toml?format=TEXT"

[[audits.google.audits.serde_derive]]
who = "Dustin J. Mitchell <djmitche@chromium.org>"
criteria = "safe-to-deploy"
delta = "1.0.201 -> 1.0.202"
aggregated-from = "https://chromium.googlesource.com/chromium/src/+/main/third_party/rust/chromium_crates_io/supply-chain/audits.toml?format=TEXT"

[[audits.google.audits.serde_derive]]
who = "Lukasz Anforowicz <lukasza@chromium.org>"
criteria = "safe-to-deploy"
delta = "1.0.202 -> 1.0.203"
notes = "Grepped for \"unsafe\", \"crypt\", \"cipher\", \"fs\", \"net\" - there were no hits"
aggregated-from = "https://chromium.googlesource.com/chromium/src/+/main/third_party/rust/chromium_crates_io/supply-chain/audits.toml?format=TEXT"

[[audits.google.audits.serde_derive]]
who = "Adrian Taylor <adetaylor@chromium.org>"
criteria = "safe-to-deploy"
delta = "1.0.203 -> 1.0.204"
aggregated-from = "https://chromium.googlesource.com/chromium/src/+/main/third_party/rust/chromium_crates_io/supply-chain/audits.toml?format=TEXT"

[[audits.google.audits.serde_derive]]
who = "Lukasz Anforowicz <lukasza@chromium.org>"
criteria = "safe-to-deploy"
delta = "1.0.204 -> 1.0.207"
notes = 'Grepped for \"unsafe\", \"crypt\", \"cipher\", \"fs\", \"net\" - there were no hits'
aggregated-from = "https://chromium.googlesource.com/chromium/src/+/main/third_party/rust/chromium_crates_io/supply-chain/audits.toml?format=TEXT"

[[audits.google.audits.serde_derive]]
who = "Lukasz Anforowicz <lukasza@chromium.org>"
criteria = "safe-to-deploy"
delta = "1.0.207 -> 1.0.209"
notes = '''
There are no code changes in this delta - see https://crrev.com/c/5812194/2..5

I've neverthless also grepped for `-i cipher`, `-i crypto`, `\bfs\b`,
`\bnet\b`, and `\bunsafe\b`.  There were no hits.
'''
aggregated-from = "https://chromium.googlesource.com/chromium/src/+/main/third_party/rust/chromium_crates_io/supply-chain/audits.toml?format=TEXT"

[[audits.google.audits.serde_derive]]
who = "Adrian Taylor <adetaylor@chromium.org>"
criteria = "safe-to-deploy"
delta = "1.0.209 -> 1.0.210"
notes = "Almost no new code - just feature rearrangement"
aggregated-from = "https://chromium.googlesource.com/chromium/src/+/main/third_party/rust/chromium_crates_io/supply-chain/audits.toml?format=TEXT"

[[audits.google.audits.serde_json]]
who = "danakj@chromium.org"
criteria = "safe-to-run"
version = "1.0.108"
notes = """
Reviewed in https://crrev.com/c/5171063

Previously reviewed during security review and the audit is grandparented in.
"""
aggregated-from = "https://chromium.googlesource.com/chromium/src/+/main/third_party/rust/chromium_crates_io/supply-chain/audits.toml?format=TEXT"

[[audits.google.audits.serde_json]]
who = "Lukasz Anforowicz <lukasza@chromium.org>"
criteria = "safe-to-run"
delta = "1.0.108 -> 1.0.111"
aggregated-from = "https://chromium.googlesource.com/chromium/src/+/main/third_party/rust/chromium_crates_io/supply-chain/audits.toml?format=TEXT"

[[audits.google.audits.serde_json]]
who = "Lukasz Anforowicz <lukasza@chromium.org>"
criteria = "safe-to-run"
delta = "1.0.111 -> 1.0.113"
aggregated-from = "https://chromium.googlesource.com/chromium/src/+/main/third_party/rust/chromium_crates_io/supply-chain/audits.toml?format=TEXT"

[[audits.google.audits.serde_json]]
who = "Lukasz Anforowicz <lukasza@chromium.org>"
criteria = "safe-to-run"
delta = "1.0.113 -> 1.0.114"
aggregated-from = "https://chromium.googlesource.com/chromium/src/+/main/third_party/rust/chromium_crates_io/supply-chain/audits.toml?format=TEXT"

[[audits.google.audits.serde_json]]
who = "Lukasz Anforowicz <lukasza@chromium.org>"
criteria = "safe-to-run"
delta = "1.0.114 -> 1.0.115"
aggregated-from = "https://chromium.googlesource.com/chromium/src/+/main/third_party/rust/chromium_crates_io/supply-chain/audits.toml?format=TEXT"

[[audits.google.audits.serde_json]]
who = "Dustin J. Mitchell <djmitche@chromium.org>"
criteria = "safe-to-run"
delta = "1.0.115 -> 1.0.116"
notes = "No changes that affect safety to run, and no crypto"
aggregated-from = "https://chromium.googlesource.com/chromium/src/+/main/third_party/rust/chromium_crates_io/supply-chain/audits.toml?format=TEXT"

[[audits.google.audits.serde_json]]
who = "danakj <danakj@chromium.org>"
criteria = "safe-to-run"
delta = "1.0.116 -> 1.0.117"
aggregated-from = "https://chromium.googlesource.com/chromium/src/+/main/third_party/rust/chromium_crates_io/supply-chain/audits.toml?format=TEXT"

[[audits.google.audits.serde_json]]
who = "Adrian Taylor <adetaylor@chromium.org>"
criteria = "safe-to-run"
delta = "1.0.117 -> 1.0.120"
aggregated-from = "https://chromium.googlesource.com/chromium/src/+/main/third_party/rust/chromium_crates_io/supply-chain/audits.toml?format=TEXT"

[[audits.google.audits.serde_json]]
who = "Lukasz Anforowicz <lukasza@chromium.org>"
criteria = "safe-to-run"
delta = "1.0.120 -> 1.0.122"
aggregated-from = "https://chromium.googlesource.com/chromium/src/+/main/third_party/rust/chromium_crates_io/supply-chain/audits.toml?format=TEXT"

[[audits.google.audits.serde_json]]
who = "Lukasz Anforowicz <lukasza@chromium.org>"
criteria = "safe-to-run"
delta = "1.0.122 -> 1.0.124"
aggregated-from = "https://chromium.googlesource.com/chromium/src/+/main/third_party/rust/chromium_crates_io/supply-chain/audits.toml?format=TEXT"

[[audits.google.audits.serde_json]]
who = "Lukasz Anforowicz <lukasza@chromium.org>"
criteria = "safe-to-run"
delta = "1.0.124 -> 1.0.127"
aggregated-from = "https://chromium.googlesource.com/chromium/src/+/main/third_party/rust/chromium_crates_io/supply-chain/audits.toml?format=TEXT"

[[audits.google.audits.serde_json]]
who = "danakj <danakj@chromium.org>"
criteria = "safe-to-run"
delta = "1.0.127 -> 1.0.128"
aggregated-from = "https://chromium.googlesource.com/chromium/src/+/main/third_party/rust/chromium_crates_io/supply-chain/audits.toml?format=TEXT"

[[audits.google.audits.serde_spanned]]
who = "Hung-Hsien Chen <hunghsienchen@chromium.org>"
criteria = "safe-to-run"
version = "0.6.7"
aggregated-from = "https://chromium.googlesource.com/chromiumos/third_party/rust_crates/+/refs/heads/main/cargo-vet/audits.toml?format=TEXT"

[[audits.google.audits.socket2]]
who = "Vovo Yang <vovoy@google.com>"
criteria = "safe-to-run"
version = "0.4.9"
aggregated-from = "https://chromium.googlesource.com/chromiumos/third_party/rust_crates/+/refs/heads/main/cargo-vet/audits.toml?format=TEXT"

[[audits.google.audits.socket2]]
who = "David Koloski <dkoloski@google.com>"
criteria = "safe-to-deploy"
delta = "0.4.4 -> 0.5.5"
notes = "Reviewed at https://fxrev.dev/946307"
aggregated-from = "https://fuchsia.googlesource.com/fuchsia/+/refs/heads/main/third_party/rust_crates/supply-chain/audits.toml?format=TEXT"

[[audits.google.audits.syn]]
who = "Ying Hsu <yinghsu@chromium.org>"
criteria = "safe-to-run"
version = "2.0.58"
aggregated-from = "https://chromium.googlesource.com/chromiumos/third_party/rust_crates/+/refs/heads/main/cargo-vet/audits.toml?format=TEXT"

[[audits.google.audits.syn]]
who = "Hung-Hsien Chen <hunghsienchen@chromium.org>"
criteria = "safe-to-run"
delta = "2.0.58 -> 2.0.77"
aggregated-from = "https://chromium.googlesource.com/chromiumos/third_party/rust_crates/+/refs/heads/main/cargo-vet/audits.toml?format=TEXT"

[[audits.google.audits.toml]]
who = "George Burgess IV <gbiv@google.com>"
criteria = "safe-to-run"
version = "0.5.10"
aggregated-from = "https://chromium.googlesource.com/chromiumos/third_party/rust_crates/+/refs/heads/main/cargo-vet/audits.toml?format=TEXT"

[[audits.google.audits.toml]]
who = "Hung-Hsien Chen <hunghsienchen@chromium.org>"
criteria = "safe-to-run"
delta = "0.5.10 -> 0.8.19"
aggregated-from = "https://chromium.googlesource.com/chromiumos/third_party/rust_crates/+/refs/heads/main/cargo-vet/audits.toml?format=TEXT"

[[audits.google.audits.toml_datetime]]
who = "Hung-Hsien Chen <hunghsienchen@chromium.org>"
criteria = "safe-to-run"
version = "0.6.8"
aggregated-from = "https://chromium.googlesource.com/chromiumos/third_party/rust_crates/+/refs/heads/main/cargo-vet/audits.toml?format=TEXT"

[[audits.google.audits.toml_edit]]
who = "Hung-Hsien Chen <hunghsienchen@chromium.org>"
criteria = "safe-to-run"
version = "0.22.20"
aggregated-from = "https://chromium.googlesource.com/chromiumos/third_party/rust_crates/+/refs/heads/main/cargo-vet/audits.toml?format=TEXT"

[[audits.google.audits.unicode-ident]]
who = "Lukasz Anforowicz <lukasza@chromium.org>"
criteria = "safe-to-deploy"
version = "1.0.12"
notes = '''
I grepped for \"crypt\", \"cipher\", \"fs\", \"net\" - there were no hits.

All two functions from the public API of this crate use `unsafe` to avoid bound
checks for an array access.  Cross-module analysis shows that the offsets can
be statically proven to be within array bounds.  More details can be found in
the unsafe review CL at https://crrev.com/c/5350386.

This crate has been added to Chromium in https://crrev.com/c/3891618.
'''
aggregated-from = "https://chromium.googlesource.com/chromium/src/+/main/third_party/rust/chromium_crates_io/supply-chain/audits.toml?format=TEXT"

[[audits.google.audits.unicode-ident]]
who = "Dustin J. Mitchell <djmitche@chromium.org>"
criteria = "safe-to-deploy"
delta = "1.0.12 -> 1.0.13"
notes = "Lots of table updates, and tables are assumed correct with unsafe `.get_unchecked()`, so ub-risk-2 is appropriate"
aggregated-from = "https://chromium.googlesource.com/chromium/src/+/main/third_party/rust/chromium_crates_io/supply-chain/audits.toml?format=TEXT"

[[audits.google.audits.winnow]]
who = "Hung-Hsien Chen <hunghsienchen@chromium.org>"
criteria = "safe-to-run"
version = "0.6.18"
aggregated-from = "https://chromium.googlesource.com/chromiumos/third_party/rust_crates/+/refs/heads/main/cargo-vet/audits.toml?format=TEXT"

[[audits.mozilla.audits.crossbeam-utils]]
who = "Jan-Erik Rediger <jrediger@mozilla.com>"
criteria = "safe-to-deploy"
delta = "0.8.14 -> 0.8.19"
aggregated-from = "https://raw.githubusercontent.com/mozilla/glean/main/supply-chain/audits.toml"

[[audits.mozilla.audits.crossbeam-utils]]
who = "Alex Franchuk <afranchuk@mozilla.com>"
criteria = "safe-to-deploy"
delta = "0.8.19 -> 0.8.20"
notes = "Minor changes."
aggregated-from = "https://hg.mozilla.org/mozilla-central/raw-file/tip/supply-chain/audits.toml"

[[audits.mozilla.audits.libc]]
who = "Alex Franchuk <afranchuk@mozilla.com>"
criteria = "safe-to-deploy"
delta = "0.2.154 -> 0.2.158"
aggregated-from = "https://hg.mozilla.org/mozilla-central/raw-file/tip/supply-chain/audits.toml"

[[audits.mozilla.audits.pin-project-lite]]
who = "Mike Hommey <mh+mozilla@glandium.org>"
criteria = "safe-to-deploy"
delta = "0.2.13 -> 0.2.14"
aggregated-from = "https://hg.mozilla.org/mozilla-central/raw-file/tip/supply-chain/audits.toml"

[[audits.mozilla.audits.socket2]]
who = "Kershaw Chang <kershaw@mozilla.com>"
criteria = "safe-to-deploy"
delta = "0.5.5 -> 0.5.7"
aggregated-from = "https://hg.mozilla.org/mozilla-central/raw-file/tip/supply-chain/audits.toml"

[audits.swsnr.audits]
