
# cargo-vet imports lock

[audits.embark-studios.audits]

[[audits.google.audits.bitflags]]
who = "Lukasz Anforowicz <lukasza@chromium.org>"
criteria = "safe-to-deploy"
version = "2.4.2"
notes = """
Audit notes:

* I've checked for any discussion in Google-internal cl/546819168 (where audit
  of version 2.3.3 happened)
* `src/lib.rs` contains `#![cfg_attr(not(test), forbid(unsafe_code))]`
* There are 2 cases of `unsafe` in `src/external.rs` but they seem to be
  correct in a straightforward way - they just propagate the marker trait's
  impl (e.g. `impl bytemuck::Pod`) from the inner to the outer type
* Additional discussion and/or notes may be found in https://crrev.com/c/5238056
"""
aggregated-from = "https://chromium.googlesource.com/chromium/src/+/main/third_party/rust/chromium_crates_io/supply-chain/audits.toml?format=TEXT"

[[audits.google.audits.bitflags]]
who = "Adrian Taylor <adetaylor@chromium.org>"
criteria = "safe-to-deploy"
delta = "2.4.2 -> 2.5.0"
aggregated-from = "https://chromium.googlesource.com/chromium/src/+/main/third_party/rust/chromium_crates_io/supply-chain/audits.toml?format=TEXT"

[[audits.google.audits.bitflags]]
who = "Adrian Taylor <adetaylor@chromium.org>"
criteria = "safe-to-deploy"
delta = "2.5.0 -> 2.6.0"
notes = "The changes from the previous version are negligible and thus it retains the same properties."
aggregated-from = "https://chromium.googlesource.com/chromium/src/+/main/third_party/rust/chromium_crates_io/supply-chain/audits.toml?format=TEXT"

[[audits.google.audits.equivalent]]
who = "George Burgess IV <gbiv@google.com>"
criteria = "safe-to-deploy"
version = "1.0.1"
aggregated-from = "https://chromium.googlesource.com/chromiumos/third_party/rust_crates/+/refs/heads/main/cargo-vet/audits.toml?format=TEXT"

[[audits.google.audits.glob]]
who = "George Burgess IV <gbiv@google.com>"
criteria = "safe-to-deploy"
version = "0.3.1"
aggregated-from = "https://chromium.googlesource.com/chromiumos/third_party/rust_crates/+/refs/heads/main/cargo-vet/audits.toml?format=TEXT"

[[audits.google.audits.itoa]]
who = "Lukasz Anforowicz <lukasza@chromium.org>"
criteria = "safe-to-deploy"
version = "1.0.10"
notes = '''
I grepped for \"crypt\", \"cipher\", \"fs\", \"net\" - there were no hits.

There are a few places where `unsafe` is used.  Unsafe review notes can be found
in https://crrev.com/c/5350697.

Version 1.0.1 of this crate has been added to Chromium in
https://crrev.com/c/3321896.
'''
aggregated-from = "https://chromium.googlesource.com/chromium/src/+/main/third_party/rust/chromium_crates_io/supply-chain/audits.toml?format=TEXT"

[[audits.google.audits.itoa]]
who = "Lukasz Anforowicz <lukasza@chromium.org>"
criteria = "safe-to-deploy"
delta = "1.0.10 -> 1.0.11"
notes = """
Straightforward diff between 1.0.10 and 1.0.11 - only 3 commits:

* Bumping up the version
* A touch up of comments
* And my own PR to make `unsafe` blocks more granular:
  https://github.com/dtolnay/itoa/pull/42
"""
aggregated-from = "https://chromium.googlesource.com/chromium/src/+/main/third_party/rust/chromium_crates_io/supply-chain/audits.toml?format=TEXT"

[[audits.google.audits.lazy_static]]
who = "Lukasz Anforowicz <lukasza@chromium.org>"
criteria = "safe-to-deploy"
version = "1.4.0"
notes = '''
I grepped for \"crypt\", \"cipher\", \"fs\", \"net\" - there were no hits.

There are two places where `unsafe` is used.  Unsafe review notes can be found
in https://crrev.com/c/5347418.

This crate has been added to Chromium in https://crrev.com/c/3321895.
'''
aggregated-from = "https://chromium.googlesource.com/chromium/src/+/main/third_party/rust/chromium_crates_io/supply-chain/audits.toml?format=TEXT"

[[audits.google.audits.lazy_static]]
who = "Lukasz Anforowicz <lukasza@chromium.org>"
criteria = "safe-to-deploy"
delta = "1.4.0 -> 1.5.0"
notes = "Unsafe review notes: https://crrev.com/c/5650836"
aggregated-from = "https://chromium.googlesource.com/chromium/src/+/main/third_party/rust/chromium_crates_io/supply-chain/audits.toml?format=TEXT"

[[audits.google.audits.log]]
who = "danakj <danakj@chromium.org>"
criteria = "safe-to-deploy"
version = "0.4.22"
notes = """
Unsafe review in https://docs.google.com/document/d/1IXQbD1GhTRqNHIGxq6yy7qHqxeO4CwN5noMFXnqyDIM/edit?usp=sharing

Unsafety is generally very well-documented, with one exception, which we
describe in the review doc.
"""
aggregated-from = "https://chromium.googlesource.com/chromium/src/+/main/third_party/rust/chromium_crates_io/supply-chain/audits.toml?format=TEXT"

[[audits.google.audits.pin-project-lite]]
who = "David Koloski <dkoloski@google.com>"
criteria = "safe-to-deploy"
version = "0.2.9"
notes = "Reviewed on https://fxrev.dev/824504"
aggregated-from = "https://fuchsia.googlesource.com/fuchsia/+/refs/heads/main/third_party/rust_crates/supply-chain/audits.toml?format=TEXT"

[[audits.google.audits.pin-project-lite]]
who = "David Koloski <dkoloski@google.com>"
criteria = "safe-to-deploy"
delta = "0.2.9 -> 0.2.13"
notes = "Audited at https://fxrev.dev/946396"
aggregated-from = "https://fuchsia.googlesource.com/fuchsia/+/refs/heads/main/third_party/rust_crates/supply-chain/audits.toml?format=TEXT"

[[audits.google.audits.proc-macro2]]
who = "Lukasz Anforowicz <lukasza@chromium.org>"
criteria = "safe-to-deploy"
version = "1.0.78"
notes = """
Grepped for \"crypt\", \"cipher\", \"fs\", \"net\" - there were no hits
(except for a benign \"fs\" hit in a doc comment)

Notes from the `unsafe` review can be found in https://crrev.com/c/5385745.
"""
aggregated-from = "https://chromium.googlesource.com/chromium/src/+/main/third_party/rust/chromium_crates_io/supply-chain/audits.toml?format=TEXT"

[[audits.google.audits.proc-macro2]]
who = "Adrian Taylor <adetaylor@chromium.org>"
criteria = "safe-to-deploy"
delta = "1.0.78 -> 1.0.79"
aggregated-from = "https://chromium.googlesource.com/chromium/src/+/main/third_party/rust/chromium_crates_io/supply-chain/audits.toml?format=TEXT"

[[audits.google.audits.proc-macro2]]
who = "Adrian Taylor <adetaylor@chromium.org>"
criteria = "safe-to-deploy"
delta = "1.0.79 -> 1.0.80"
aggregated-from = "https://chromium.googlesource.com/chromium/src/+/main/third_party/rust/chromium_crates_io/supply-chain/audits.toml?format=TEXT"

[[audits.google.audits.proc-macro2]]
who = "Dustin J. Mitchell <djmitche@chromium.org>"
criteria = "safe-to-deploy"
delta = "1.0.80 -> 1.0.81"
notes = "Comment changes only"
aggregated-from = "https://chromium.googlesource.com/chromium/src/+/main/third_party/rust/chromium_crates_io/supply-chain/audits.toml?format=TEXT"

[[audits.google.audits.proc-macro2]]
who = "danakj <danakj@chromium.org>"
criteria = "safe-to-deploy"
delta = "1.0.81 -> 1.0.82"
aggregated-from = "https://chromium.googlesource.com/chromium/src/+/main/third_party/rust/chromium_crates_io/supply-chain/audits.toml?format=TEXT"

[[audits.google.audits.proc-macro2]]
who = "Dustin J. Mitchell <djmitche@chromium.org>"
criteria = "safe-to-deploy"
delta = "1.0.82 -> 1.0.83"
notes = "Substantive change is replacing String with Box<str>, saving memory."
aggregated-from = "https://chromium.googlesource.com/chromium/src/+/main/third_party/rust/chromium_crates_io/supply-chain/audits.toml?format=TEXT"

[[audits.google.audits.proc-macro2]]
who = "Lukasz Anforowicz <lukasza@chromium.org>"
criteria = "safe-to-deploy"
delta = "1.0.83 -> 1.0.84"
notes = "Only doc comment changes in `src/lib.rs`."
aggregated-from = "https://chromium.googlesource.com/chromium/src/+/main/third_party/rust/chromium_crates_io/supply-chain/audits.toml?format=TEXT"

[[audits.google.audits.proc-macro2]]
who = "danakj@chromium.org"
criteria = "safe-to-deploy"
delta = "1.0.84 -> 1.0.85"
notes = "Test-only changes."
aggregated-from = "https://chromium.googlesource.com/chromium/src/+/main/third_party/rust/chromium_crates_io/supply-chain/audits.toml?format=TEXT"

[[audits.google.audits.proc-macro2]]
who = "Lukasz Anforowicz <lukasza@chromium.org>"
criteria = "safe-to-deploy"
delta = "1.0.85 -> 1.0.86"
notes = """
Comment-only changes in `build.rs`.
Reordering of `Cargo.toml` entries.
Just bumping up the version number in `lib.rs`.
Config-related changes in `test_size.rs`.
"""
aggregated-from = "https://chromium.googlesource.com/chromium/src/+/main/third_party/rust/chromium_crates_io/supply-chain/audits.toml?format=TEXT"

[[audits.google.audits.quote]]
who = "Lukasz Anforowicz <lukasza@chromium.org>"
criteria = "safe-to-deploy"
version = "1.0.35"
notes = """
Grepped for \"unsafe\", \"crypt\", \"cipher\", \"fs\", \"net\" - there were no hits
(except for benign \"net\" hit in tests and \"fs\" hit in README.md)
"""
aggregated-from = "https://chromium.googlesource.com/chromium/src/+/main/third_party/rust/chromium_crates_io/supply-chain/audits.toml?format=TEXT"

[[audits.google.audits.quote]]
who = "Adrian Taylor <adetaylor@chromium.org>"
criteria = "safe-to-deploy"
delta = "1.0.35 -> 1.0.36"
aggregated-from = "https://chromium.googlesource.com/chromium/src/+/main/third_party/rust/chromium_crates_io/supply-chain/audits.toml?format=TEXT"

[[audits.google.audits.quote]]
who = "Lukasz Anforowicz <lukasza@chromium.org>"
criteria = "safe-to-deploy"
delta = "1.0.36 -> 1.0.37"
notes = """
The delta just 1) inlines/expands `impl ToTokens` that used to be handled via
`primitive!` macro and 2) adds `impl ToTokens` for `CStr` and `CString`.
"""
aggregated-from = "https://chromium.googlesource.com/chromium/src/+/main/third_party/rust/chromium_crates_io/supply-chain/audits.toml?format=TEXT"

[[audits.google.audits.serde]]
who = "Lukasz Anforowicz <lukasza@chromium.org>"
criteria = "safe-to-deploy"
version = "1.0.197"
notes = """
Grepped for `-i cipher`, `-i crypto`, `'\bfs\b'`, `'\bnet\b'`, `'\bunsafe\b'`.

There were some hits for `net`, but they were related to serialization and
not actually opening any connections or anything like that.

There were 2 hits of `unsafe` when grepping:
* In `fn as_str` in `impl Buf`
* In `fn serialize` in `impl Serialize for net::Ipv4Addr`

Unsafe review comments can be found in https://crrev.com/c/5350573/2 (this
review also covered `serde_json_lenient`).

Version 1.0.130 of the crate has been added to Chromium in
https://crrev.com/c/3265545.  The CL description contains a link to a
(Google-internal, sorry) document with a mini security review.
"""
aggregated-from = "https://chromium.googlesource.com/chromium/src/+/main/third_party/rust/chromium_crates_io/supply-chain/audits.toml?format=TEXT"

[[audits.google.audits.serde]]
who = "Dustin J. Mitchell <djmitche@chromium.org>"
criteria = "safe-to-deploy"
delta = "1.0.197 -> 1.0.198"
aggregated-from = "https://chromium.googlesource.com/chromium/src/+/main/third_party/rust/chromium_crates_io/supply-chain/audits.toml?format=TEXT"

[[audits.google.audits.serde]]
who = "danakj <danakj@chromium.org>"
criteria = "safe-to-deploy"
delta = "1.0.198 -> 1.0.201"
aggregated-from = "https://chromium.googlesource.com/chromium/src/+/main/third_party/rust/chromium_crates_io/supply-chain/audits.toml?format=TEXT"

[[audits.google.audits.serde]]
who = "Dustin J. Mitchell <djmitche@chromium.org>"
criteria = "safe-to-deploy"
delta = "1.0.201 -> 1.0.202"
notes = "Trivial changes"
aggregated-from = "https://chromium.googlesource.com/chromium/src/+/main/third_party/rust/chromium_crates_io/supply-chain/audits.toml?format=TEXT"

[[audits.google.audits.serde]]
who = "Lukasz Anforowicz <lukasza@chromium.org>"
criteria = "safe-to-deploy"
delta = "1.0.202 -> 1.0.203"
notes = "s/doc_cfg/docsrs/ + tuple_impls/tuple_impl_body-related changes"
aggregated-from = "https://chromium.googlesource.com/chromium/src/+/main/third_party/rust/chromium_crates_io/supply-chain/audits.toml?format=TEXT"

[[audits.google.audits.serde]]
who = "Adrian Taylor <adetaylor@chromium.org>"
criteria = "safe-to-deploy"
delta = "1.0.203 -> 1.0.204"
aggregated-from = "https://chromium.googlesource.com/chromium/src/+/main/third_party/rust/chromium_crates_io/supply-chain/audits.toml?format=TEXT"

[[audits.google.audits.serde]]
who = "Lukasz Anforowicz <lukasza@chromium.org>"
criteria = "safe-to-deploy"
delta = "1.0.204 -> 1.0.207"
notes = "The small change in `src/private/ser.rs` should have no impact on `ub-risk-2`."
aggregated-from = "https://chromium.googlesource.com/chromium/src/+/main/third_party/rust/chromium_crates_io/supply-chain/audits.toml?format=TEXT"

[[audits.google.audits.serde]]
who = "Lukasz Anforowicz <lukasza@chromium.org>"
criteria = "safe-to-deploy"
delta = "1.0.207 -> 1.0.209"
notes = """
The delta carries fairly small changes in `src/private/de.rs` and
`src/private/ser.rs` (see https://crrev.com/c/5812194/2..5).  AFAICT the
delta has no impact on the `unsafe`, `from_utf8_unchecked`-related parts
of the crate (in `src/de/format.rs` and `src/ser/impls.rs`).
"""
aggregated-from = "https://chromium.googlesource.com/chromium/src/+/main/third_party/rust/chromium_crates_io/supply-chain/audits.toml?format=TEXT"

[[audits.google.audits.serde]]
who = "Adrian Taylor <adetaylor@chromium.org>"
criteria = "safe-to-deploy"
delta = "1.0.209 -> 1.0.210"
notes = "Almost no new code - just feature rearrangement"
aggregated-from = "https://chromium.googlesource.com/chromium/src/+/main/third_party/rust/chromium_crates_io/supply-chain/audits.toml?format=TEXT"

[[audits.google.audits.serde_derive]]
who = "Lukasz Anforowicz <lukasza@chromium.org>"
criteria = "safe-to-deploy"
version = "1.0.197"
notes = "Grepped for \"unsafe\", \"crypt\", \"cipher\", \"fs\", \"net\" - there were no hits"
aggregated-from = "https://chromium.googlesource.com/chromium/src/+/main/third_party/rust/chromium_crates_io/supply-chain/audits.toml?format=TEXT"

[[audits.google.audits.serde_derive]]
who = "danakj <danakj@chromium.org>"
criteria = "safe-to-deploy"
delta = "1.0.197 -> 1.0.201"
aggregated-from = "https://chromium.googlesource.com/chromium/src/+/main/third_party/rust/chromium_crates_io/supply-chain/audits.toml?format=TEXT"

[[audits.google.audits.serde_derive]]
who = "Dustin J. Mitchell <djmitche@chromium.org>"
criteria = "safe-to-deploy"
delta = "1.0.201 -> 1.0.202"
aggregated-from = "https://chromium.googlesource.com/chromium/src/+/main/third_party/rust/chromium_crates_io/supply-chain/audits.toml?format=TEXT"

[[audits.google.audits.serde_derive]]
who = "Lukasz Anforowicz <lukasza@chromium.org>"
criteria = "safe-to-deploy"
delta = "1.0.202 -> 1.0.203"
notes = "Grepped for \"unsafe\", \"crypt\", \"cipher\", \"fs\", \"net\" - there were no hits"
aggregated-from = "https://chromium.googlesource.com/chromium/src/+/main/third_party/rust/chromium_crates_io/supply-chain/audits.toml?format=TEXT"

[[audits.google.audits.serde_derive]]
who = "Adrian Taylor <adetaylor@chromium.org>"
criteria = "safe-to-deploy"
delta = "1.0.203 -> 1.0.204"
aggregated-from = "https://chromium.googlesource.com/chromium/src/+/main/third_party/rust/chromium_crates_io/supply-chain/audits.toml?format=TEXT"

[[audits.google.audits.serde_derive]]
who = "Lukasz Anforowicz <lukasza@chromium.org>"
criteria = "safe-to-deploy"
delta = "1.0.204 -> 1.0.207"
notes = 'Grepped for \"unsafe\", \"crypt\", \"cipher\", \"fs\", \"net\" - there were no hits'
aggregated-from = "https://chromium.googlesource.com/chromium/src/+/main/third_party/rust/chromium_crates_io/supply-chain/audits.toml?format=TEXT"

[[audits.google.audits.serde_derive]]
who = "Lukasz Anforowicz <lukasza@chromium.org>"
criteria = "safe-to-deploy"
delta = "1.0.207 -> 1.0.209"
notes = '''
There are no code changes in this delta - see https://crrev.com/c/5812194/2..5

I've neverthless also grepped for `-i cipher`, `-i crypto`, `\bfs\b`,
`\bnet\b`, and `\bunsafe\b`.  There were no hits.
'''
aggregated-from = "https://chromium.googlesource.com/chromium/src/+/main/third_party/rust/chromium_crates_io/supply-chain/audits.toml?format=TEXT"

[[audits.google.audits.serde_derive]]
who = "Adrian Taylor <adetaylor@chromium.org>"
criteria = "safe-to-deploy"
delta = "1.0.209 -> 1.0.210"
notes = "Almost no new code - just feature rearrangement"
aggregated-from = "https://chromium.googlesource.com/chromium/src/+/main/third_party/rust/chromium_crates_io/supply-chain/audits.toml?format=TEXT"

[[audits.google.audits.unicode-ident]]
who = "Lukasz Anforowicz <lukasza@chromium.org>"
criteria = "safe-to-deploy"
version = "1.0.12"
notes = '''
I grepped for \"crypt\", \"cipher\", \"fs\", \"net\" - there were no hits.

All two functions from the public API of this crate use `unsafe` to avoid bound
checks for an array access.  Cross-module analysis shows that the offsets can
be statically proven to be within array bounds.  More details can be found in
the unsafe review CL at https://crrev.com/c/5350386.

This crate has been added to Chromium in https://crrev.com/c/3891618.
'''
aggregated-from = "https://chromium.googlesource.com/chromium/src/+/main/third_party/rust/chromium_crates_io/supply-chain/audits.toml?format=TEXT"

[[audits.google.audits.unicode-ident]]
who = "Dustin J. Mitchell <djmitche@chromium.org>"
criteria = "safe-to-deploy"
delta = "1.0.12 -> 1.0.13"
notes = "Lots of table updates, and tables are assumed correct with unsafe `.get_unchecked()`, so ub-risk-2 is appropriate"
aggregated-from = "https://chromium.googlesource.com/chromium/src/+/main/third_party/rust/chromium_crates_io/supply-chain/audits.toml?format=TEXT"

[[audits.mozilla.audits.malloc_buf]]
who = "Bobby Holley <bobbyholley@gmail.com>"
criteria = "safe-to-deploy"
version = "0.0.6"
notes = """
Very small crate for managing malloc-ed buffers, primarily for use in the objc crate.
There is an edge-case condition that passes slice::from_raw_parts(0x1, 0) which I'm
not entirely certain is technically sound, but in either case I am reasonably confident
it's not exploitable.
"""
aggregated-from = "https://hg.mozilla.org/mozilla-central/raw-file/tip/supply-chain/audits.toml"

[[audits.mozilla.audits.pin-project-lite]]
who = "Mike Hommey <mh+mozilla@glandium.org>"
criteria = "safe-to-deploy"
delta = "0.2.13 -> 0.2.14"
aggregated-from = "https://hg.mozilla.org/mozilla-central/raw-file/tip/supply-chain/audits.toml"
